
Microsoft Visual Studio Solution File, Format Version 11.00
# Visual Studio 2010
Project("{FAE04EC0-301F-11D3-BF4B-00C04F79EFBC}") = "FubuMVC.Core.View.Diagnostics", "FubuMVC.Core.View.Diagnostics\FubuMVC.Core.View.Diagnostics.csproj", "{6A4518B2-98B7-4B0A-A188-CA7CF029624A}"
EndProject
Project("{FAE04EC0-301F-11D3-BF4B-00C04F79EFBC}") = "HelloWorld", "HelloWorld\HelloWorld.csproj", "{1AE01DFC-D552-4D5E-9213-3612B5281B8A}"
EndProject
Project("{2150E333-8FDC-42A3-9474-1A3956D46DE8}") = "__build", "__build", "{12A94A92-E7CE-41FE-B41C-0C027A70F93B}"
	ProjectSection(SolutionItems) = preProject
		..\rakefile.rb = ..\rakefile.rb
	EndProjectSection
EndProject
Global
	GlobalSection(SolutionConfigurationPlatforms) = preSolution
		Debug|Any CPU = Debug|Any CPU
		Release|Any CPU = Release|Any CPU
	EndGlobalSection
	GlobalSection(ProjectConfigurationPlatforms) = postSolution
		{6A4518B2-98B7-4B0A-A188-CA7CF029624A}.Debug|Any CPU.ActiveCfg = Debug|Any CPU
		{6A4518B2-98B7-4B0A-A188-CA7CF029624A}.Debug|Any CPU.Build.0 = Debug|Any CPU
		{6A4518B2-98B7-4B0A-A188-CA7CF029624A}.Release|Any CPU.ActiveCfg = Release|Any CPU
		{6A4518B2-98B7-4B0A-A188-CA7CF029624A}.Release|Any CPU.Build.0 = Release|Any CPU
		{1AE01DFC-D552-4D5E-9213-3612B5281B8A}.Debug|Any CPU.ActiveCfg = Debug|Any CPU
		{1AE01DFC-D552-4D5E-9213-3612B5281B8A}.Debug|Any CPU.Build.0 = Debug|Any CPU
		{1AE01DFC-D552-4D5E-9213-3612B5281B8A}.Release|Any CPU.ActiveCfg = Release|Any CPU
		{1AE01DFC-D552-4D5E-9213-3612B5281B8A}.Release|Any CPU.Build.0 = Release|Any CPU
	EndGlobalSection
	GlobalSection(SolutionProperties) = preSolution
		HideSolutionNode = FALSE
	EndGlobalSection
EndGlobal
